{
  "name": "gmail-agent",
  "version": "0.1.0",
  "lockfileVersion": 3,
  "requires": true,
  "packages": {
    "": {
      "name": "gmail-agent",
      "version": "0.1.0",
      "license": "UNLICENSED",
      "dependencies": {
        "@googleworkspace/cli": "^0.22.5",
        "dotenv": "^17.2.3"
      }
    },
    "node_modules/@googleworkspace/cli": {
      "version": "0.22.5",
      "resolved": "https://registry.npmjs.org/@googleworkspace/cli/-/cli-0.22.5.tgz",
      "integrity": "sha512-Cej4nnkjphwRF+i7KWx4esp0p41yZ7Rv7A+P9hmFQrMStcngTASZBpeN/Lptk58oXxnSHvEcvM69S0e0y/GlvA==",
      "hasInstallScript": true,
      "license": "Apache-2.0",
      "bin": {
        "gws": "run.js"
      },
      "engines": {
        "node": ">=18"
      }
    },
    "node_modules/dotenv": {
      "version": "17.4.1",
      "resolved": "https://registry.npmjs.org/dotenv/-/dotenv-17.4.1.tgz",
      "integrity": "sha512-k8DaKGP6r1G30Lx8V4+pCsLzKr8vLmV2paqEj1Y55GdAgJuIqpRp5FfajGF8KtwMxCz9qJc6wUIJnm053d/WCw==",
      "license": "BSD-2-Clause",
      "engines": {
        "node": ">=12"
      },
      "funding": {
        "url": "https://dotenvx.com"
      }
    }
  }
}
